
Microsoft Visual Studio Solution File, Format Version 12.00
# Visual Studio 14
VisualStudioVersion = 14.0.23107.0
MinimumVisualStudioVersion = 10.0.40219.1
Project("{FAE04EC0-301F-11D3-BF4B-00C04F79EFBC}") = "Practica2", "Practica2\Practica2.csproj", "{2768AB88-51CF-4D7D-9C03-93B29FD40615}"
EndProject
Global
	GlobalSection(SolutionConfigurationPlatforms) = preSolution
		Debug|Any CPU = Debug|Any CPU
		Release|Any CPU = Release|Any CPU
	EndGlobalSection
	GlobalSection(ProjectConfigurationPlatforms) = postSolution
		{2768AB88-51CF-4D7D-9C03-93B29FD40615}.Debug|Any CPU.ActiveCfg = Debug|Any CPU
		{2768AB88-51CF-4D7D-9C03-93B29FD40615}.Debug|Any CPU.Build.0 = Debug|Any CPU
		{2768AB88-51CF-4D7D-9C03-93B29FD40615}.Release|Any CPU.ActiveCfg = Release|Any CPU
		{2768AB88-51CF-4D7D-9C03-93B29FD40615}.Release|Any CPU.Build.0 = Release|Any CPU
	EndGlobalSection
	GlobalSection(SolutionProperties) = preSolution
		HideSolutionNode = FALSE
	EndGlobalSection
EndGlobal
